
Microsoft Visual Studio Solution File, Format Version 12.00
# Visual Studio 15
VisualStudioVersion = 15.0.27703.2047
MinimumVisualStudioVersion = 10.0.40219.1
Project("{FAE04EC0-301F-11D3-BF4B-00C04F79EFBC}") = "Ejercicio11", "EjerciciosProgramacionII\Ejercicio11.csproj", "{E5A70878-98B9-43A2-AFAC-DDE68A4CC3EA}"
EndProject
Project("{FAE04EC0-301F-11D3-BF4B-00C04F79EFBC}") = "Ejercicio12", "Ejercicio12\Ejercicio12.csproj", "{9E4E4486-DBE9-4563-91F6-0289F49002EC}"
EndProject
Project("{FAE04EC0-301F-11D3-BF4B-00C04F79EFBC}") = "Ejercicio15", "Ejercicio15\Ejercicio15.csproj", "{2BD27389-4FF5-4D5D-AC58-87150AFB8416}"
EndProject
Project("{FAE04EC0-301F-11D3-BF4B-00C04F79EFBC}") = "Ejercicio16", "Ejercicio16\Ejercicio16.csproj", "{311C0F47-381C-4E13-A561-3598AC32456B}"
EndProject
Project("{FAE04EC0-301F-11D3-BF4B-00C04F79EFBC}") = "Ejercicio17", "Ejercicio17\Ejercicio17.csproj", "{BD78B466-B107-4D72-AE8A-3206DC6E2BB6}"
EndProject
Project("{FAE04EC0-301F-11D3-BF4B-00C04F79EFBC}") = "Ejercicio20", "Ejercicio20\Ejercicio20.csproj", "{36E1DF88-535E-4298-BFD2-B4E2838292F2}"
EndProject
Project("{FAE04EC0-301F-11D3-BF4B-00C04F79EFBC}") = "Ejercicio23", "Ejercicio23\Ejercicio23.csproj", "{F858B0B8-1809-488B-B10C-82024D285B1E}"
EndProject
Project("{FAE04EC0-301F-11D3-BF4B-00C04F79EFBC}") = "Moneda", "Moneda\Moneda.csproj", "{A244CCA4-FD1D-4240-9441-42F87BE28913}"
EndProject
Project("{FAE04EC0-301F-11D3-BF4B-00C04F79EFBC}") = "Ejercicio26", "Ejercicio26\Ejercicio26.csproj", "{0AE2A71D-431B-41E1-A5B5-9352E8CF62A8}"
EndProject
Project("{FAE04EC0-301F-11D3-BF4B-00C04F79EFBC}") = "Ejercicio27", "Ejercicio27\Ejercicio27.csproj", "{EB8B803F-BF65-4BD4-A90D-FE6EACB2B671}"
EndProject
Project("{FAE04EC0-301F-11D3-BF4B-00C04F79EFBC}") = "Ejercicio31", "Ejercicio31\Ejercicio31.csproj", "{405C86B8-EF2E-4709-9F97-2571957DE6DA}"
EndProject
Project("{FAE04EC0-301F-11D3-BF4B-00C04F79EFBC}") = "Ejercicio33", "Ejercicio33\Ejercicio33.csproj", "{5365F200-894E-4E70-9E38-DDF82491ED33}"
EndProject
Project("{FAE04EC0-301F-11D3-BF4B-00C04F79EFBC}") = "Ejercicio37", "Ejercicio37\Ejercicio37.csproj", "{2F67E8EE-BB83-4132-811F-043583A1CA33}"
EndProject
Project("{FAE04EC0-301F-11D3-BF4B-00C04F79EFBC}") = "Ejercicio38", "Ejercicio38\Ejercicio38.csproj", "{7A0F669F-2115-47A7-A375-3CE7B79943FB}"
EndProject
Project("{FAE04EC0-301F-11D3-BF4B-00C04F79EFBC}") = "Ejercicio39", "Ejercicio39\Ejercicio39.csproj", "{459B9880-4DC3-475D-B48D-BC9ED0E21B8F}"
EndProject
Project("{FAE04EC0-301F-11D3-BF4B-00C04F79EFBC}") = "Ejercicio40", "Ejercicio40\Ejercicio40.csproj", "{CC10DC33-2BBB-4157-BC20-D68973199494}"
EndProject
Global
	GlobalSection(SolutionConfigurationPlatforms) = preSolution
		Debug|Any CPU = Debug|Any CPU
		Release|Any CPU = Release|Any CPU
	EndGlobalSection
	GlobalSection(ProjectConfigurationPlatforms) = postSolution
		{E5A70878-98B9-43A2-AFAC-DDE68A4CC3EA}.Debug|Any CPU.ActiveCfg = Debug|Any CPU
		{E5A70878-98B9-43A2-AFAC-DDE68A4CC3EA}.Debug|Any CPU.Build.0 = Debug|Any CPU
		{E5A70878-98B9-43A2-AFAC-DDE68A4CC3EA}.Release|Any CPU.ActiveCfg = Release|Any CPU
		{E5A70878-98B9-43A2-AFAC-DDE68A4CC3EA}.Release|Any CPU.Build.0 = Release|Any CPU
		{9E4E4486-DBE9-4563-91F6-0289F49002EC}.Debug|Any CPU.ActiveCfg = Debug|Any CPU
		{9E4E4486-DBE9-4563-91F6-0289F49002EC}.Debug|Any CPU.Build.0 = Debug|Any CPU
		{9E4E4486-DBE9-4563-91F6-0289F49002EC}.Release|Any CPU.ActiveCfg = Release|Any CPU
		{9E4E4486-DBE9-4563-91F6-0289F49002EC}.Release|Any CPU.Build.0 = Release|Any CPU
		{2BD27389-4FF5-4D5D-AC58-87150AFB8416}.Debug|Any CPU.ActiveCfg = Debug|Any CPU
		{2BD27389-4FF5-4D5D-AC58-87150AFB8416}.Debug|Any CPU.Build.0 = Debug|Any CPU
		{2BD27389-4FF5-4D5D-AC58-87150AFB8416}.Release|Any CPU.ActiveCfg = Release|Any CPU
		{2BD27389-4FF5-4D5D-AC58-87150AFB8416}.Release|Any CPU.Build.0 = Release|Any CPU
		{311C0F47-381C-4E13-A561-3598AC32456B}.Debug|Any CPU.ActiveCfg = Debug|Any CPU
		{311C0F47-381C-4E13-A561-3598AC32456B}.Debug|Any CPU.Build.0 = Debug|Any CPU
		{311C0F47-381C-4E13-A561-3598AC32456B}.Release|Any CPU.ActiveCfg = Release|Any CPU
		{311C0F47-381C-4E13-A561-3598AC32456B}.Release|Any CPU.Build.0 = Release|Any CPU
		{BD78B466-B107-4D72-AE8A-3206DC6E2BB6}.Debug|Any CPU.ActiveCfg = Debug|Any CPU
		{BD78B466-B107-4D72-AE8A-3206DC6E2BB6}.Debug|Any CPU.Build.0 = Debug|Any CPU
		{BD78B466-B107-4D72-AE8A-3206DC6E2BB6}.Release|Any CPU.ActiveCfg = Release|Any CPU
		{BD78B466-B107-4D72-AE8A-3206DC6E2BB6}.Release|Any CPU.Build.0 = Release|Any CPU
		{36E1DF88-535E-4298-BFD2-B4E2838292F2}.Debug|Any CPU.ActiveCfg = Debug|Any CPU
		{36E1DF88-535E-4298-BFD2-B4E2838292F2}.Debug|Any CPU.Build.0 = Debug|Any CPU
		{36E1DF88-535E-4298-BFD2-B4E2838292F2}.Release|Any CPU.ActiveCfg = Release|Any CPU
		{36E1DF88-535E-4298-BFD2-B4E2838292F2}.Release|Any CPU.Build.0 = Release|Any CPU
		{F858B0B8-1809-488B-B10C-82024D285B1E}.Debug|Any CPU.ActiveCfg = Debug|Any CPU
		{F858B0B8-1809-488B-B10C-82024D285B1E}.Debug|Any CPU.Build.0 = Debug|Any CPU
		{F858B0B8-1809-488B-B10C-82024D285B1E}.Release|Any CPU.ActiveCfg = Release|Any CPU
		{F858B0B8-1809-488B-B10C-82024D285B1E}.Release|Any CPU.Build.0 = Release|Any CPU
		{A244CCA4-FD1D-4240-9441-42F87BE28913}.Debug|Any CPU.ActiveCfg = Debug|Any CPU
		{A244CCA4-FD1D-4240-9441-42F87BE28913}.Debug|Any CPU.Build.0 = Debug|Any CPU
		{A244CCA4-FD1D-4240-9441-42F87BE28913}.Release|Any CPU.ActiveCfg = Release|Any CPU
		{A244CCA4-FD1D-4240-9441-42F87BE28913}.Release|Any CPU.Build.0 = Release|Any CPU
		{0AE2A71D-431B-41E1-A5B5-9352E8CF62A8}.Debug|Any CPU.ActiveCfg = Debug|Any CPU
		{0AE2A71D-431B-41E1-A5B5-9352E8CF62A8}.Debug|Any CPU.Build.0 = Debug|Any CPU
		{0AE2A71D-431B-41E1-A5B5-9352E8CF62A8}.Release|Any CPU.ActiveCfg = Release|Any CPU
		{0AE2A71D-431B-41E1-A5B5-9352E8CF62A8}.Release|Any CPU.Build.0 = Release|Any CPU
		{EB8B803F-BF65-4BD4-A90D-FE6EACB2B671}.Debug|Any CPU.ActiveCfg = Debug|Any CPU
		{EB8B803F-BF65-4BD4-A90D-FE6EACB2B671}.Debug|Any CPU.Build.0 = Debug|Any CPU
		{EB8B803F-BF65-4BD4-A90D-FE6EACB2B671}.Release|Any CPU.ActiveCfg = Release|Any CPU
		{EB8B803F-BF65-4BD4-A90D-FE6EACB2B671}.Release|Any CPU.Build.0 = Release|Any CPU
		{405C86B8-EF2E-4709-9F97-2571957DE6DA}.Debug|Any CPU.ActiveCfg = Debug|Any CPU
		{405C86B8-EF2E-4709-9F97-2571957DE6DA}.Debug|Any CPU.Build.0 = Debug|Any CPU
		{405C86B8-EF2E-4709-9F97-2571957DE6DA}.Release|Any CPU.ActiveCfg = Release|Any CPU
		{405C86B8-EF2E-4709-9F97-2571957DE6DA}.Release|Any CPU.Build.0 = Release|Any CPU
		{5365F200-894E-4E70-9E38-DDF82491ED33}.Debug|Any CPU.ActiveCfg = Debug|Any CPU
		{5365F200-894E-4E70-9E38-DDF82491ED33}.Debug|Any CPU.Build.0 = Debug|Any CPU
		{5365F200-894E-4E70-9E38-DDF82491ED33}.Release|Any CPU.ActiveCfg = Release|Any CPU
		{5365F200-894E-4E70-9E38-DDF82491ED33}.Release|Any CPU.Build.0 = Release|Any CPU
		{2F67E8EE-BB83-4132-811F-043583A1CA33}.Debug|Any CPU.ActiveCfg = Debug|Any CPU
		{2F67E8EE-BB83-4132-811F-043583A1CA33}.Debug|Any CPU.Build.0 = Debug|Any CPU
		{2F67E8EE-BB83-4132-811F-043583A1CA33}.Release|Any CPU.ActiveCfg = Release|Any CPU
		{2F67E8EE-BB83-4132-811F-043583A1CA33}.Release|Any CPU.Build.0 = Release|Any CPU
		{7A0F669F-2115-47A7-A375-3CE7B79943FB}.Debug|Any CPU.ActiveCfg = Debug|Any CPU
		{7A0F669F-2115-47A7-A375-3CE7B79943FB}.Debug|Any CPU.Build.0 = Debug|Any CPU
		{7A0F669F-2115-47A7-A375-3CE7B79943FB}.Release|Any CPU.ActiveCfg = Release|Any CPU
		{7A0F669F-2115-47A7-A375-3CE7B79943FB}.Release|Any CPU.Build.0 = Release|Any CPU
		{459B9880-4DC3-475D-B48D-BC9ED0E21B8F}.Debug|Any CPU.ActiveCfg = Debug|Any CPU
		{459B9880-4DC3-475D-B48D-BC9ED0E21B8F}.Debug|Any CPU.Build.0 = Debug|Any CPU
		{459B9880-4DC3-475D-B48D-BC9ED0E21B8F}.Release|Any CPU.ActiveCfg = Release|Any CPU
		{459B9880-4DC3-475D-B48D-BC9ED0E21B8F}.Release|Any CPU.Build.0 = Release|Any CPU
		{CC10DC33-2BBB-4157-BC20-D68973199494}.Debug|Any CPU.ActiveCfg = Debug|Any CPU
		{CC10DC33-2BBB-4157-BC20-D68973199494}.Debug|Any CPU.Build.0 = Debug|Any CPU
		{CC10DC33-2BBB-4157-BC20-D68973199494}.Release|Any CPU.ActiveCfg = Release|Any CPU
		{CC10DC33-2BBB-4157-BC20-D68973199494}.Release|Any CPU.Build.0 = Release|Any CPU
	EndGlobalSection
	GlobalSection(SolutionProperties) = preSolution
		HideSolutionNode = FALSE
	EndGlobalSection
	GlobalSection(ExtensibilityGlobals) = postSolution
		SolutionGuid = {02CBD224-B211-4789-9750-DF069985B0AF}
	EndGlobalSection
EndGlobal
